{
  "name": "42-3d-tic-tac-toe",
  "lockfileVersion": 3,
  "requires": true,
  "packages": {
    "": {
      "dependencies": {
        "@babylonjs/gui": "^9.12.1"
      }
    },
    "node_modules/@babylonjs/core": {
      "version": "9.12.1",
      "resolved": "https://registry.npmjs.org/@babylonjs/core/-/core-9.12.1.tgz",
      "integrity": "sha512-QDL5KabYoOPeVwe10lr7neKjVNLiankur06HvavBv3Vgtzd5jXSoFSWsUCPmQ0X3k5PLukwTeA/skxWGkwSTbw==",
      "license": "Apache-2.0",
      "peer": true
    },
    "node_modules/@babylonjs/gui": {
      "version": "9.12.1",
      "resolved": "https://registry.npmjs.org/@babylonjs/gui/-/gui-9.12.1.tgz",
      "integrity": "sha512-3YLPsfOjFPc0vOBLkF+xiH9OMazr9UfgqSoj7ENl91bU5rfEouUJjJjXqFp8TJrbqcsz+Lrfq5PqywX4HKUiBQ==",
      "license": "Apache-2.0",
      "peerDependencies": {
        "@babylonjs/core": "^9.0.0"
      }
    }
  }
}
